
Microsoft Visual Studio Solution File, Format Version 12.00
# Visual Studio Version 16
VisualStudioVersion = 16.0.31313.79
MinimumVisualStudioVersion = 10.0.40219.1
Project("{FAE04EC0-301F-11D3-BF4B-00C04F79EFBC}") = "Login UI.Android", "Login UI\Login UI.Android\Login UI.Android.csproj", "{41EF5E92-5476-478E-8D12-893B340E6D6D}"
EndProject
Project("{FAE04EC0-301F-11D3-BF4B-00C04F79EFBC}") = "Login UI.iOS", "Login UI\Login UI.iOS\Login UI.iOS.csproj", "{56E245C9-EA40-4427-B8A9-51618CE921EB}"
EndProject
Project("{FAE04EC0-301F-11D3-BF4B-00C04F79EFBC}") = "Login UI", "Login UI\Login UI\Login UI.csproj", "{8C4CDA31-0FC3-46A7-99A4-053E04C6BF98}"
EndProject
Global
	GlobalSection(SolutionConfigurationPlatforms) = preSolution
		Debug|Any CPU = Debug|Any CPU
		Debug|iPhone = Debug|iPhone
		Debug|iPhoneSimulator = Debug|iPhoneSimulator
		Release|Any CPU = Release|Any CPU
		Release|iPhone = Release|iPhone
		Release|iPhoneSimulator = Release|iPhoneSimulator
	EndGlobalSection
	GlobalSection(ProjectConfigurationPlatforms) = postSolution
		{41EF5E92-5476-478E-8D12-893B340E6D6D}.Debug|Any CPU.ActiveCfg = Debug|Any CPU
		{41EF5E92-5476-478E-8D12-893B340E6D6D}.Debug|Any CPU.Build.0 = Debug|Any CPU
		{41EF5E92-5476-478E-8D12-893B340E6D6D}.Debug|Any CPU.Deploy.0 = Debug|Any CPU
		{41EF5E92-5476-478E-8D12-893B340E6D6D}.Debug|iPhone.ActiveCfg = Debug|Any CPU
		{41EF5E92-5476-478E-8D12-893B340E6D6D}.Debug|iPhone.Build.0 = Debug|Any CPU
		{41EF5E92-5476-478E-8D12-893B340E6D6D}.Debug|iPhone.Deploy.0 = Debug|Any CPU
		{41EF5E92-5476-478E-8D12-893B340E6D6D}.Debug|iPhoneSimulator.ActiveCfg = Debug|Any CPU
		{41EF5E92-5476-478E-8D12-893B340E6D6D}.Debug|iPhoneSimulator.Build.0 = Debug|Any CPU
		{41EF5E92-5476-478E-8D12-893B340E6D6D}.Debug|iPhoneSimulator.Deploy.0 = Debug|Any CPU
		{41EF5E92-5476-478E-8D12-893B340E6D6D}.Release|Any CPU.ActiveCfg = Release|Any CPU
		{41EF5E92-5476-478E-8D12-893B340E6D6D}.Release|Any CPU.Build.0 = Release|Any CPU
		{41EF5E92-5476-478E-8D12-893B340E6D6D}.Release|Any CPU.Deploy.0 = Release|Any CPU
		{41EF5E92-5476-478E-8D12-893B340E6D6D}.Release|iPhone.ActiveCfg = Release|Any CPU
		{41EF5E92-5476-478E-8D12-893B340E6D6D}.Release|iPhone.Build.0 = Release|Any CPU
		{41EF5E92-5476-478E-8D12-893B340E6D6D}.Release|iPhone.Deploy.0 = Release|Any CPU
		{41EF5E92-5476-478E-8D12-893B340E6D6D}.Release|iPhoneSimulator.ActiveCfg = Release|Any CPU
		{41EF5E92-5476-478E-8D12-893B340E6D6D}.Release|iPhoneSimulator.Build.0 = Release|Any CPU
		{41EF5E92-5476-478E-8D12-893B340E6D6D}.Release|iPhoneSimulator.Deploy.0 = Release|Any CPU
		{56E245C9-EA40-4427-B8A9-51618CE921EB}.Debug|Any CPU.ActiveCfg = Debug|iPhone
		{56E245C9-EA40-4427-B8A9-51618CE921EB}.Debug|Any CPU.Build.0 = Debug|iPhone
		{56E245C9-EA40-4427-B8A9-51618CE921EB}.Debug|Any CPU.Deploy.0 = Debug|iPhone
		{56E245C9-EA40-4427-B8A9-51618CE921EB}.Debug|iPhone.ActiveCfg = Debug|iPhone
		{56E245C9-EA40-4427-B8A9-51618CE921EB}.Debug|iPhone.Build.0 = Debug|iPhone
		{56E245C9-EA40-4427-B8A9-51618CE921EB}.Debug|iPhone.Deploy.0 = Debug|iPhone
		{56E245C9-EA40-4427-B8A9-51618CE921EB}.Debug|iPhoneSimulator.ActiveCfg = Debug|iPhoneSimulator
		{56E245C9-EA40-4427-B8A9-51618CE921EB}.Debug|iPhoneSimulator.Build.0 = Debug|iPhoneSimulator
		{56E245C9-EA40-4427-B8A9-51618CE921EB}.Debug|iPhoneSimulator.Deploy.0 = Debug|iPhoneSimulator
		{56E245C9-EA40-4427-B8A9-51618CE921EB}.Release|Any CPU.ActiveCfg = Release|iPhoneSimulator
		{56E245C9-EA40-4427-B8A9-51618CE921EB}.Release|Any CPU.Build.0 = Release|iPhoneSimulator
		{56E245C9-EA40-4427-B8A9-51618CE921EB}.Release|Any CPU.Deploy.0 = Release|iPhoneSimulator
		{56E245C9-EA40-4427-B8A9-51618CE921EB}.Release|iPhone.ActiveCfg = Release|iPhone
		{56E245C9-EA40-4427-B8A9-51618CE921EB}.Release|iPhone.Build.0 = Release|iPhone
		{56E245C9-EA40-4427-B8A9-51618CE921EB}.Release|iPhone.Deploy.0 = Release|iPhone
		{56E245C9-EA40-4427-B8A9-51618CE921EB}.Release|iPhoneSimulator.ActiveCfg = Release|iPhoneSimulator
		{56E245C9-EA40-4427-B8A9-51618CE921EB}.Release|iPhoneSimulator.Build.0 = Release|iPhoneSimulator
		{56E245C9-EA40-4427-B8A9-51618CE921EB}.Release|iPhoneSimulator.Deploy.0 = Release|iPhoneSimulator
		{8C4CDA31-0FC3-46A7-99A4-053E04C6BF98}.Debug|Any CPU.ActiveCfg = Debug|Any CPU
		{8C4CDA31-0FC3-46A7-99A4-053E04C6BF98}.Debug|Any CPU.Build.0 = Debug|Any CPU
		{8C4CDA31-0FC3-46A7-99A4-053E04C6BF98}.Debug|Any CPU.Deploy.0 = Debug|Any CPU
		{8C4CDA31-0FC3-46A7-99A4-053E04C6BF98}.Debug|iPhone.ActiveCfg = Debug|Any CPU
		{8C4CDA31-0FC3-46A7-99A4-053E04C6BF98}.Debug|iPhone.Build.0 = Debug|Any CPU
		{8C4CDA31-0FC3-46A7-99A4-053E04C6BF98}.Debug|iPhone.Deploy.0 = Debug|Any CPU
		{8C4CDA31-0FC3-46A7-99A4-053E04C6BF98}.Debug|iPhoneSimulator.ActiveCfg = Debug|Any CPU
		{8C4CDA31-0FC3-46A7-99A4-053E04C6BF98}.Debug|iPhoneSimulator.Build.0 = Debug|Any CPU
		{8C4CDA31-0FC3-46A7-99A4-053E04C6BF98}.Debug|iPhoneSimulator.Deploy.0 = Debug|Any CPU
		{8C4CDA31-0FC3-46A7-99A4-053E04C6BF98}.Release|Any CPU.ActiveCfg = Release|Any CPU
		{8C4CDA31-0FC3-46A7-99A4-053E04C6BF98}.Release|Any CPU.Build.0 = Release|Any CPU
		{8C4CDA31-0FC3-46A7-99A4-053E04C6BF98}.Release|Any CPU.Deploy.0 = Release|Any CPU
		{8C4CDA31-0FC3-46A7-99A4-053E04C6BF98}.Release|iPhone.ActiveCfg = Release|Any CPU
		{8C4CDA31-0FC3-46A7-99A4-053E04C6BF98}.Release|iPhone.Build.0 = Release|Any CPU
		{8C4CDA31-0FC3-46A7-99A4-053E04C6BF98}.Release|iPhone.Deploy.0 = Release|Any CPU
		{8C4CDA31-0FC3-46A7-99A4-053E04C6BF98}.Release|iPhoneSimulator.ActiveCfg = Release|Any CPU
		{8C4CDA31-0FC3-46A7-99A4-053E04C6BF98}.Release|iPhoneSimulator.Build.0 = Release|Any CPU
		{8C4CDA31-0FC3-46A7-99A4-053E04C6BF98}.Release|iPhoneSimulator.Deploy.0 = Release|Any CPU
	EndGlobalSection
	GlobalSection(SolutionProperties) = preSolution
		HideSolutionNode = FALSE
	EndGlobalSection
	GlobalSection(ExtensibilityGlobals) = postSolution
		SolutionGuid = {D0ABC944-C46C-4C48-83B6-0871B86CE62D}
	EndGlobalSection
EndGlobal
